
Microsoft Visual Studio Solution File, Format Version 11.00
# Visual C# Express 2010
Project("{FAE04EC0-301F-11D3-BF4B-00C04F79EFBC}") = "Tokenizer(vs2010)", "Tokenizer(vs2010).csproj", "{16974ADA-2A8E-40F1-8787-68A3167FCE81}"
EndProject
Global
	GlobalSection(SolutionConfigurationPlatforms) = preSolution
		Debug|Any CPU = Debug|Any CPU
		Release|Any CPU = Release|Any CPU
	EndGlobalSection
	GlobalSection(ProjectConfigurationPlatforms) = postSolution
		{16974ADA-2A8E-40F1-8787-68A3167FCE81}.Debug|Any CPU.ActiveCfg = Debug|Any CPU
		{16974ADA-2A8E-40F1-8787-68A3167FCE81}.Debug|Any CPU.Build.0 = Debug|Any CPU
		{16974ADA-2A8E-40F1-8787-68A3167FCE81}.Release|Any CPU.ActiveCfg = Release|Any CPU
		{16974ADA-2A8E-40F1-8787-68A3167FCE81}.Release|Any CPU.Build.0 = Release|Any CPU
	EndGlobalSection
	GlobalSection(SolutionProperties) = preSolution
		HideSolutionNode = FALSE
	EndGlobalSection
EndGlobal
